
Microsoft Visual Studio Solution File, Format Version 12.00
# Visual Studio Version 17
VisualStudioVersion = 17.0.31903.59
MinimumVisualStudioVersion = 10.0.40219.1
Project("{9A19103F-16F7-4668-BE54-9A1E7A4F7556}") = "Store.Domain", "Store.Domain\Store.Domain.csproj", "{B66AF270-0C74-467E-A89A-8AF797F819D6}"
EndProject
Project("{9A19103F-16F7-4668-BE54-9A1E7A4F7556}") = "Store.Tests", "Store.Tests\Store.Tests.csproj", "{BA12DD96-3D95-42D6-B587-98CC8A9E7F20}"
EndProject
Global
	GlobalSection(SolutionConfigurationPlatforms) = preSolution
		Debug|Any CPU = Debug|Any CPU
		Release|Any CPU = Release|Any CPU
	EndGlobalSection
	GlobalSection(ProjectConfigurationPlatforms) = postSolution
		{B66AF270-0C74-467E-A89A-8AF797F819D6}.Debug|Any CPU.ActiveCfg = Debug|Any CPU
		{B66AF270-0C74-467E-A89A-8AF797F819D6}.Debug|Any CPU.Build.0 = Debug|Any CPU
		{B66AF270-0C74-467E-A89A-8AF797F819D6}.Release|Any CPU.ActiveCfg = Release|Any CPU
		{B66AF270-0C74-467E-A89A-8AF797F819D6}.Release|Any CPU.Build.0 = Release|Any CPU
		{BA12DD96-3D95-42D6-B587-98CC8A9E7F20}.Debug|Any CPU.ActiveCfg = Debug|Any CPU
		{BA12DD96-3D95-42D6-B587-98CC8A9E7F20}.Debug|Any CPU.Build.0 = Debug|Any CPU
		{BA12DD96-3D95-42D6-B587-98CC8A9E7F20}.Release|Any CPU.ActiveCfg = Release|Any CPU
		{BA12DD96-3D95-42D6-B587-98CC8A9E7F20}.Release|Any CPU.Build.0 = Release|Any CPU
	EndGlobalSection
	GlobalSection(SolutionProperties) = preSolution
		HideSolutionNode = FALSE
	EndGlobalSection
	GlobalSection(ExtensibilityGlobals) = postSolution
		SolutionGuid = {A6E0EF9B-72A4-4B47-8593-F7663254C638}
	EndGlobalSection
EndGlobal
